Microsoft Visual Studio Solution File, Format Version 12.00
# Visual Studio Version 17
VisualStudioVersion = 17.5.2.0
MinimumVisualStudioVersion = 10.0.40219.1
Project("{FAE04EC0-301F-11D3-BF4B-00C04F79EFBC}") = "BotwLocalizationEditor", "BotwLocalizationEditor\BotwLocalizationEditor.csproj", "{12097A11-1117-40A8-8C60-810A1315D839}"
EndProject
Global
	GlobalSection(SolutionConfigurationPlatforms) = preSolution
		Debug|Any CPU = Debug|Any CPU
		Release|Any CPU = Release|Any CPU
	EndGlobalSection
	GlobalSection(ProjectConfigurationPlatforms) = postSolution
		{12097A11-1117-40A8-8C60-810A1315D839}.Debug|Any CPU.ActiveCfg = Debug|Any CPU
		{12097A11-1117-40A8-8C60-810A1315D839}.Debug|Any CPU.Build.0 = Debug|Any CPU
		{12097A11-1117-40A8-8C60-810A1315D839}.Release|Any CPU.ActiveCfg = Release|Any CPU
		{12097A11-1117-40A8-8C60-810A1315D839}.Release|Any CPU.Build.0 = Release|Any CPU
	EndGlobalSection
	GlobalSection(SolutionProperties) = preSolution
		HideSolutionNode = FALSE
	EndGlobalSection
	GlobalSection(ExtensibilityGlobals) = postSolution
		SolutionGuid = {91AFDE51-B89C-4BA4-8241-BA9EDDE7A1BD}
	EndGlobalSection
EndGlobal
